PODS:
  - Capacitor (8.3.0):
    - CapacitorCordova
  - CapacitorCommunityNativeAudio (8.0.0):
    - Capacitor
  - CapacitorCommunityVolumeButtons (8.0.0):
    - Capacitor
  - CapacitorCordova (8.3.0)
  - CapacitorFilesystem (8.1.2):
    - Capacitor
    - IONFilesystemLib (~> 1.1.1)
  - CapacitorHaptics (8.0.2):
    - Capacitor
  - CapawesomeCapacitorTorch (8.0.1):
    - Capacitor
  - IONFilesystemLib (1.1.2)

DEPENDENCIES:
  - "Capacitor (from `../../node_modules/@capacitor/ios`)"
  - "CapacitorCommunityNativeAudio (from `../../node_modules/@capacitor-community/native-audio`)"
  - "CapacitorCommunityVolumeButtons (from `../../node_modules/@capacitor-community/volume-buttons`)"
  - "CapacitorCordova (from `../../node_modules/@capacitor/ios`)"
  - "CapacitorFilesystem (from `../../node_modules/@capacitor/filesystem`)"
  - "CapacitorHaptics (from `../../node_modules/@capacitor/haptics`)"
  - "CapawesomeCapacitorTorch (from `../../node_modules/@capawesome/capacitor-torch`)"

SPEC REPOS:
  trunk:
    - IONFilesystemLib

EXTERNAL SOURCES:
  Capacitor:
    :path: "../../node_modules/@capacitor/ios"
  CapacitorCommunityNativeAudio:
    :path: "../../node_modules/@capacitor-community/native-audio"
  CapacitorCommunityVolumeButtons:
    :path: "../../node_modules/@capacitor-community/volume-buttons"
  CapacitorCordova:
    :path: "../../node_modules/@capacitor/ios"
  CapacitorFilesystem:
    :path: "../../node_modules/@capacitor/filesystem"
  CapacitorHaptics:
    :path: "../../node_modules/@capacitor/haptics"
  CapawesomeCapacitorTorch:
    :path: "../../node_modules/@capawesome/capacitor-torch"

SPEC CHECKSUMS:
  Capacitor: 22e541237135648c9aa736232bb4d2eec35fddcb
  CapacitorCommunityNativeAudio: 0d1336ea95a8f1911292e082d5436961e4447cd8
  CapacitorCommunityVolumeButtons: 532398512c4e0878072cb889db46aa28f2ff45b4
  CapacitorCordova: 2e1e2bb93b2f365309dc4ff18b72b9a69a7814a9
  CapacitorFilesystem: 2db285a1ac6e475cc27cae2e1bea999000f9e2be
  CapacitorHaptics: 296f771ecd89c7a1bd92a7b6826a7d268e2e70f5
  CapawesomeCapacitorTorch: d118c3fe55e7472061f02d4775f08899fde73a32
  IONFilesystemLib: 21a63377696b2d8fab5632ecfb7d2ac67bddb68a

PODFILE CHECKSUM: 889b90bff1f89f80f7d357e760f11a5cd0e8588f

COCOAPODS: 1.16.2
